lockfileVersion: '9.0'

settings:
  autoInstallPeers: true
  excludeLinksFromLockfile: false

importers:

  .:
    dependencies:
      hocon-parser:
        specifier: ^1.0.1
        version: 1.0.1
      vscode-languageclient:
        specifier: ^8.1.0
        version: 8.1.0
      vscode-languageserver:
        specifier: ^8.1.0
        version: 8.1.0
      vscode-languageserver-textdocument:
        specifier: ^1.0.8
        version: 1.0.12
    devDependencies:
      '@types/node':
        specifier: ^16.11.7
        version: 16.18.126
      '@types/vscode':
        specifier: ^1.75.0
        version: 1.108.0
      typescript:
        specifier: ^4.9.0
        version: 4.9.5

packages:

  '@types/node@16.18.126':
    resolution: {integrity: sha512-OTcgaiwfGFBKacvfwuHzzn1KLxH/er8mluiy8/uM3sGXHaRe73RrSIj01jow9t4kJEW633Ov+cOexXeiApTyAw==}

  '@types/vscode@1.108.0':
    resolution: {integrity: sha512-WXEz8iCGrraEf+NB8gvC9ONakihpRYsnw2n8oq2/qAQGB5MrQERlkd2KxjpvlLHPjyu3uBynDZ+DRUe5vsw94g==}

  balanced-match@1.0.2:
    resolution: {integrity: sha512-3oSeUO0TMV67hN1AmbXsK4yaqU7tjiHlbxRDZOpH0KW9+CeX4bRAaX0Anxt0tx2MrpRpWwQaPwIlISEJhYU5Pw==}

  brace-expansion@2.0.2:
    resolution: {integrity: sha512-Jt0vHyM+jmUBqojB7E1NIYadt0vI0Qxjxd2TErW94wDz+E2LAm5vKMXXwg6ZZBTHPuUlDgQHKXvjGBdfcF1ZDQ==}

  hocon-parser@1.0.1:
    resolution: {integrity: sha512-qMKuQh6pLPQc0gXsl91hAJEjD4JghV1VukO5gKOzjolCnupCbGHpERzMCkZLwVDLq7sL8xR6P4iWhcM1my3HtA==}

  minimatch@5.1.6:
    resolution: {integrity: sha512-lKwV/1brpG6mBUFHtb7NUmtABCb2WZZmm2wNiOA5hAb8VdCS4B3dtMWyvcoViccwAW/COERjXLt0zP1zXUN26g==}
    engines: {node: '>=10'}

  semver@7.7.3:
    resolution: {integrity: sha512-SdsKMrI9TdgjdweUSR9MweHA4EJ8YxHn8DFaDisvhVlUOe4BF1tLD7GAj0lIqWVl+dPb/rExr0Btby5loQm20Q==}
    engines: {node: '>=10'}
    hasBin: true

  typescript@4.9.5:
    resolution: {integrity: sha512-1FXk9E2Hm+QzZQ7z+McJiHL4NW1F2EzMu9Nq9i3zAaGqibafqYwCVU6WyWAuyQRRzOlxou8xZSyXLEN8oKj24g==}
    engines: {node: '>=4.2.0'}
    hasBin: true

  vscode-jsonrpc@8.1.0:
    resolution: {integrity: sha512-6TDy/abTQk+zDGYazgbIPc+4JoXdwC8NHU9Pbn4UJP1fehUyZmM4RHp5IthX7A6L5KS30PRui+j+tbbMMMafdw==}
    engines: {node: '>=14.0.0'}

  vscode-languageclient@8.1.0:
    resolution: {integrity: sha512-GL4QdbYUF/XxQlAsvYWZRV3V34kOkpRlvV60/72ghHfsYFnS/v2MANZ9P6sHmxFcZKOse8O+L9G7Czg0NUWing==}
    engines: {vscode: ^1.67.0}

  vscode-languageserver-protocol@3.17.3:
    resolution: {integrity: sha512-924/h0AqsMtA5yK22GgMtCYiMdCOtWTSGgUOkgEDX+wk2b0x4sAfLiO4NxBxqbiVtz7K7/1/RgVrVI0NClZwqA==}

  vscode-languageserver-textdocument@1.0.12:
    resolution: {integrity: sha512-cxWNPesCnQCcMPeenjKKsOCKQZ/L6Tv19DTRIGuLWe32lyzWhihGVJ/rcckZXJxfdKCFvRLS3fpBIsV/ZGX4zA==}

  vscode-languageserver-types@3.17.3:
    resolution: {integrity: sha512-SYU4z1dL0PyIMd4Vj8YOqFvHu7Hz/enbWtpfnVbJHU4Nd1YNYx8u0ennumc6h48GQNeOLxmwySmnADouT/AuZA==}

  vscode-languageserver@8.1.0:
    resolution: {integrity: sha512-eUt8f1z2N2IEUDBsKaNapkz7jl5QpskN2Y0G01T/ItMxBxw1fJwvtySGB9QMecatne8jFIWJGWI61dWjyTLQsw==}
    hasBin: true

snapshots:

  '@types/node@16.18.126': {}

  '@types/vscode@1.108.0': {}

  balanced-match@1.0.2: {}

  brace-expansion@2.0.2:
    dependencies:
      balanced-match: 1.0.2

  hocon-parser@1.0.1: {}

  minimatch@5.1.6:
    dependencies:
      brace-expansion: 2.0.2

  semver@7.7.3: {}

  typescript@4.9.5: {}

  vscode-jsonrpc@8.1.0: {}

  vscode-languageclient@8.1.0:
    dependencies:
      minimatch: 5.1.6
      semver: 7.7.3
      vscode-languageserver-protocol: 3.17.3

  vscode-languageserver-protocol@3.17.3:
    dependencies:
      vscode-jsonrpc: 8.1.0
      vscode-languageserver-types: 3.17.3

  vscode-languageserver-textdocument@1.0.12: {}

  vscode-languageserver-types@3.17.3: {}

  vscode-languageserver@8.1.0:
    dependencies:
      vscode-languageserver-protocol: 3.17.3
